// !$*UTF8*$!
{
	archiveVersion = 1;
	classes = {
	};
	objectVersion = 50;
	objects = {

/* Begin PBXBuildFile section */
		1929FDDD21FD7FDA0037A82E /* AppDelegate.swift in Sources */ = {isa = PBXBuildFile; fileRef = 1929FDDC21FD7FDA0037A82E /* AppDelegate.swift */; };
		1929FDDF21FD7FDA0037A82E /* ViewController.swift in Sources */ = {isa = PBXBuildFile; fileRef = 1929FDDE21FD7FDA0037A82E /* ViewController.swift */; };
		1929FDE221FD7FDA0037A82E /* Main.storyboard in Resources */ = {isa = PBXBuildFile; fileRef = 1929FDE021FD7FDA0037A82E /* Main.storyboard */; };
		1929FDE421FD7FDC0037A82E /* Assets.xcassets in Resources */ = {isa = PBXBuildFile; fileRef = 1929FDE321FD7FDC0037A82E /* Assets.xcassets */; };
		1929FDE721FD7FDC0037A82E /* LaunchScreen.storyboard in Resources */ = {isa = PBXBuildFile; fileRef = 1929FDE521FD7FDC0037A82E /* LaunchScreen.storyboard */; };
		1929FDF521FD80200037A82E /* AppDelegate.swift in Sources */ = {isa = PBXBuildFile; fileRef = 1929FDF421FD80200037A82E /* AppDelegate.swift */; };
		1929FDF721FD80200037A82E /* ViewController.swift in Sources */ = {isa = PBXBuildFile; fileRef = 1929FDF621FD80200037A82E /* ViewController.swift */; };
		1929FDFA21FD80200037A82E /* Main.storyboard in Resources */ = {isa = PBXBuildFile; fileRef = 1929FDF821FD80200037A82E /* Main.storyboard */; };
		1929FDFF21FD80210037A82E /* LaunchScreen.storyboard in Resources */ = {isa = PBXBuildFile; fileRef = 1929FDFD21FD80210037A82E /* LaunchScreen.storyboard */; };
		1929FE0521FD80760037A82E /* Assets.xcassets in Resources */ = {isa = PBXBuildFile; fileRef = 1929FDE321FD7FDC0037A82E /* Assets.xcassets */; };
/* End PBXBuildFile section */

/* Begin PBXFileReference section */
		1929FDD921FD7FDA0037A82E /* Artable.app */ = {isa = PBXFileReference; explicitFileType = wrapper.application; includeInIndex = 0; path = Artable.app; sourceTree = BUILT_PRODUCTS_DIR; };
		1929FDDC21FD7FDA0037A82E /* AppDelegate.swift */ = {isa = PBXFileReference; lastKnownFileType = sourcecode.swift; path = AppDelegate.swift; sourceTree = "<group>"; };
		1929FDDE21FD7FDA0037A82E /* ViewController.swift */ = {isa = PBXFileReference; lastKnownFileType = sourcecode.swift; path = ViewController.swift; sourceTree = "<group>"; };
		1929FDE121FD7FDA0037A82E /* Base */ = {isa = PBXFileReference; lastKnownFileType = file.storyboard; name = Base; path = Base.lproj/Main.storyboard; sourceTree = "<group>"; };
		1929FDE321FD7FDC0037A82E /* Assets.xcassets */ = {isa = PBXFileReference; lastKnownFileType = folder.assetcatalog; path = Assets.xcassets; sourceTree = "<group>"; };
		1929FDE621FD7FDC0037A82E /* Base */ = {isa = PBXFileReference; lastKnownFileType = file.storyboard; name = Base; path = Base.lproj/LaunchScreen.storyboard; sourceTree = "<group>"; };
		1929FDE821FD7FDC0037A82E /* Info.plist */ = {isa = PBXFileReference; lastKnownFileType = text.plist.xml; path = Info.plist; sourceTree = "<group>"; };
		1929FDF221FD80200037A82E /* ArtableAdmin.app */ = {isa = PBXFileReference; explicitFileType = wrapper.application; includeInIndex = 0; path = ArtableAdmin.app; sourceTree = BUILT_PRODUCTS_DIR; };
		1929FDF421FD80200037A82E /* AppDelegate.swift */ = {isa = PBXFileReference; lastKnownFileType = sourcecode.swift; path = AppDelegate.swift; sourceTree = "<group>"; };
		1929FDF621FD80200037A82E /* ViewController.swift */ = {isa = PBXFileReference; lastKnownFileType = sourcecode.swift; path = ViewController.swift; sourceTree = "<group>"; };
		1929FDF921FD80200037A82E /* Base */ = {isa = PBXFileReference; lastKnownFileType = file.storyboard; name = Base; path = Base.lproj/Main.storyboard; sourceTree = "<group>"; };
		1929FDFE21FD80210037A82E /* Base */ = {isa = PBXFileReference; lastKnownFileType = file.storyboard; name = Base; path = Base.lproj/LaunchScreen.storyboard; sourceTree = "<group>"; };
		1929FE0021FD80210037A82E /* Info.plist */ = {isa = PBXFileReference; lastKnownFileType = text.plist.xml; path = Info.plist; sourceTree = "<group>"; };
/* End PBXFileReference section */

/* Begin PBXFrameworksBuildPhase section */
		1929FDD621FD7FDA0037A82E /* Frameworks */ = {
			isa = PBXFrameworksBuildPhase;
			buildActionMask = 2147483647;
			files = (
			);
			runOnlyForDeploymentPostprocessing = 0;
		};
		1929FDEF21FD80200037A82E /* Frameworks */ = {
			isa = PBXFrameworksBuildPhase;
			buildActionMask = 2147483647;
			files = (
			);
			runOnlyForDeploymentPostprocessing = 0;
		};
/* End PBXFrameworksBuildPhase section */

/* Begin PBXGroup section */
		1929FDD021FD7FDA0037A82E = {
			isa = PBXGroup;
			children = (
				1929FE0421FD80670037A82E /* Shared */,
				1929FDDB21FD7FDA0037A82E /* Artable */,
				1929FDF321FD80200037A82E /* ArtableAdmin */,
				1929FDDA21FD7FDA0037A82E /* Products */,
			);
			sourceTree = "<group>";
		};
		1929FDDA21FD7FDA0037A82E /* Products */ = {
			isa = PBXGroup;
			children = (
				1929FDD921FD7FDA0037A82E /* Artable.app */,
				1929FDF221FD80200037A82E /* ArtableAdmin.app */,
			);
			name = Products;
			sourceTree = "<group>";
		};
		1929FDDB21FD7FDA0037A82E /* Artable */ = {
			isa = PBXGroup;
			children = (
				1929FDDC21FD7FDA0037A82E /* AppDelegate.swift */,
				1929FDDE21FD7FDA0037A82E /* ViewController.swift */,
				1929FDE021FD7FDA0037A82E /* Main.storyboard */,
				1929FDE521FD7FDC0037A82E /* LaunchScreen.storyboard */,
				1929FDE821FD7FDC0037A82E /* Info.plist */,
			);
			path = Artable;
			sourceTree = "<group>";
		};
		1929FDF321FD80200037A82E /* ArtableAdmin */ = {
			isa = PBXGroup;
			children = (
				1929FDF421FD80200037A82E /* AppDelegate.swift */,
				1929FDF621FD80200037A82E /* ViewController.swift */,
				1929FDF821FD80200037A82E /* Main.storyboard */,
				1929FDFD21FD80210037A82E /* LaunchScreen.storyboard */,
				1929FE0021FD80210037A82E /* Info.plist */,
			);
			path = ArtableAdmin;
			sourceTree = "<group>";
		};
		1929FE0421FD80670037A82E /* Shared */ = {
			isa = PBXGroup;
			children = (
				1929FDE321FD7FDC0037A82E /* Assets.xcassets */,
			);
			path = Shared;
			sourceTree = "<group>";
		};
/* End PBXGroup section */

/* Begin PBXNativeTarget section */
		1929FDD821FD7FDA0037A82E /* Artable */ = {
			isa = PBXNativeTarget;
			buildConfigurationList = 1929FDEB21FD7FDC0037A82E /* Build configuration list for PBXNativeTarget "Artable" */;
			buildPhases = (
				1929FDD521FD7FDA0037A82E /* Sources */,
				1929FDD621FD7FDA0037A82E /* Frameworks */,
				1929FDD721FD7FDA0037A82E /* Resources */,
			);
			buildRules = (
			);
			dependencies = (
			);
			name = Artable;
			productName = Artable;
			productReference = 1929FDD921FD7FDA0037A82E /* Artable.app */;
			productType = "com.apple.product-type.application";
		};
		1929FDF121FD80200037A82E /* ArtableAdmin */ = {
			isa = PBXNativeTarget;
			buildConfigurationList = 1929FE0121FD80210037A82E /* Build configuration list for PBXNativeTarget "ArtableAdmin" */;
			buildPhases = (
				1929FDEE21FD80200037A82E /* Sources */,
				1929FDEF21FD80200037A82E /* Frameworks */,
				1929FDF021FD80200037A82E /* Resources */,
			);
			buildRules = (
			);
			dependencies = (
			);
			name = ArtableAdmin;
			productName = ArtableAdmin;
			productReference = 1929FDF221FD80200037A82E /* ArtableAdmin.app */;
			productType = "com.apple.product-type.application";
		};
/* End PBXNativeTarget section */

/* Begin PBXProject section */
		1929FDD121FD7FDA0037A82E /* Project object */ = {
			isa = PBXProject;
			attributes = {
				LastSwiftUpdateCheck = 1010;
				LastUpgradeCheck = 1010;
				ORGANIZATIONNAME = "Rupin Gupta";
				TargetAttributes = {
					1929FDD821FD7FDA0037A82E = {
						CreatedOnToolsVersion = 10.1;
					};
					1929FDF121FD80200037A82E = {
						CreatedOnToolsVersion = 10.1;
					};
				};
			};
			buildConfigurationList = 1929FDD421FD7FDA0037A82E /* Build configuration list for PBXProject "Artable" */;
			compatibilityVersion = "Xcode 9.3";
			developmentRegion = en;
			hasScannedForEncodings = 0;
			knownRegions = (
				en,
				Base,
			);
			mainGroup = 1929FDD021FD7FDA0037A82E;
			productRefGroup = 1929FDDA21FD7FDA0037A82E /* Products */;
			projectDirPath = "";
			projectRoot = "";
			targets = (
				1929FDD821FD7FDA0037A82E /* Artable */,
				1929FDF121FD80200037A82E /* ArtableAdmin */,
			);
		};
/* End PBXProject section */

/* Begin PBXResourcesBuildPhase section */
		1929FDD721FD7FDA0037A82E /* Resources */ = {
			isa = PBXResourcesBuildPhase;
			buildActionMask = 2147483647;
			files = (
				1929FDE721FD7FDC0037A82E /* LaunchScreen.storyboard in Resources */,
				1929FDE421FD7FDC0037A82E /* Assets.xcassets in Resources */,
				1929FDE221FD7FDA0037A82E /* Main.storyboard in Resources */,
			);
			runOnlyForDeploymentPostprocessing = 0;
		};
		1929FDF021FD80200037A82E /* Resources */ = {
			isa = PBXResourcesBuildPhase;
			buildActionMask = 2147483647;
			files = (
				1929FDFF21FD80210037A82E /* LaunchScreen.storyboard in Resources */,
				1929FE0521FD80760037A82E /* Assets.xcassets in Resources */,
				1929FDFA21FD80200037A82E /* Main.storyboard in Resources */,
			);
			runOnlyForDeploymentPostprocessing = 0;
		};
/* End PBXResourcesBuildPhase section */

/* Begin PBXSourcesBuildPhase section */
		1929FDD521FD7FDA0037A82E /* Sources */ = {
			isa = PBXSourcesBuildPhase;
			buildActionMask = 2147483647;
			files = (
				1929FDDF21FD7FDA0037A82E /* ViewController.swift in Sources */,
				1929FDDD21FD7FDA0037A82E /* AppDelegate.swift in Sources */,
			);
			runOnlyForDeploymentPostprocessing = 0;
		};
		1929FDEE21FD80200037A82E /* Sources */ = {
			isa = PBXSourcesBuildPhase;
			buildActionMask = 2147483647;
			files = (
				1929FDF721FD80200037A82E /* ViewController.swift in Sources */,
				1929FDF521FD80200037A82E /* AppDelegate.swift in Sources */,
			);
			runOnlyForDeploymentPostprocessing = 0;
		};
/* End PBXSourcesBuildPhase section */

/* Begin PBXVariantGroup section */
		1929FDE021FD7FDA0037A82E /* Main.storyboard */ = {
			isa = PBXVariantGroup;
			children = (
				1929FDE121FD7FDA0037A82E /* Base */,
			);
			name = Main.storyboard;
			sourceTree = "<group>";
		};
		1929FDE521FD7FDC0037A82E /* LaunchScreen.storyboard */ = {
			isa = PBXVariantGroup;
			children = (
				1929FDE621FD7FDC0037A82E /* Base */,
			);
			name = LaunchScreen.storyboard;
			sourceTree = "<group>";
		};
		1929FDF821FD80200037A82E /* Main.storyboard */ = {
			isa = PBXVariantGroup;
			children = (
				1929FDF921FD80200037A82E /* Base */,
			);
			name = Main.storyboard;
			sourceTree = "<group>";
		};
		1929FDFD21FD80210037A82E /* LaunchScreen.storyboard */ = {
			isa = PBXVariantGroup;
			children = (
				1929FDFE21FD80210037A82E /* Base */,
			);
			name = LaunchScreen.storyboard;
			sourceTree = "<group>";
		};
/* End PBXVariantGroup section */

/* Begin XCBuildConfiguration section */
		1929FDE921FD7FDC0037A82E /* Debug */ = {
			isa = XCBuildConfiguration;
			buildSettings = {
				ALWAYS_SEARCH_USER_PATHS = NO;
				CLANG_ANALYZER_NONNULL = YES;
				CLANG_ANALYZER_NUMBER_OBJECT_CONVERSION = YES_AGGRESSIVE;
				CLANG_CXX_LANGUAGE_STANDARD = "gnu++14";
				CLANG_CXX_LIBRARY = "libc++";
				CLANG_ENABLE_MODULES = YES;
				CLANG_ENABLE_OBJC_ARC = YES;
				CLANG_ENABLE_OBJC_WEAK = YES;
				CLANG_WARN_BLOCK_CAPTURE_AUTORELEASING = YES;
				CLANG_WARN_BOOL_CONVERSION = YES;
				CLANG_WARN_COMMA = YES;
				CLANG_WARN_CONSTANT_CONVERSION = YES;
				CLANG_WARN_DEPRECATED_OBJC_IMPLEMENTATIONS = YES;
				CLANG_WARN_DIRECT_OBJC_ISA_USAGE = YES_ERROR;
				CLANG_WARN_DOCUMENTATION_COMMENTS = YES;
				CLANG_WARN_EMPTY_BODY = YES;
				CLANG_WARN_ENUM_CONVERSION = YES;
				CLANG_WARN_INFINITE_RECURSION = YES;
				CLANG_WARN_INT_CONVERSION = YES;
				CLANG_WARN_NON_LITERAL_NULL_CONVERSION = YES;
				CLANG_WARN_OBJC_IMPLICIT_RETAIN_SELF = YES;
				CLANG_WARN_OBJC_LITERAL_CONVERSION = YES;
				CLANG_WARN_OBJC_ROOT_CLASS = YES_ERROR;
				CLANG_WARN_RANGE_LOOP_ANALYSIS = YES;
				CLANG_WARN_STRICT_PROTOTYPES = YES;
				CLANG_WARN_SUSPICIOUS_MOVE = YES;
				CLANG_WARN_UNGUARDED_AVAILABILITY = YES_AGGRESSIVE;
				CLANG_WARN_UNREACHABLE_CODE = YES;
				CLANG_WARN__DUPLICATE_METHOD_MATCH = YES;
				CODE_SIGN_IDENTITY = "iPhone Developer";
				COPY_PHASE_STRIP = NO;
				DEBUG_INFORMATION_FORMAT = dwarf;
				ENABLE_STRICT_OBJC_MSGSEND = YES;
				ENABLE_TESTABILITY = YES;
				GCC_C_LANGUAGE_STANDARD = gnu11;
				GCC_DYNAMIC_NO_PIC = NO;
				GCC_NO_COMMON_BLOCKS = YES;
				GCC_OPTIMIZATION_LEVEL = 0;
				GCC_PREPROCESSOR_DEFINITIONS = (
					"DEBUG=1",
					"$(inherited)",
				);
				GCC_WARN_64_TO_32_BIT_CONVERSION = YES;
				GCC_WARN_ABOUT_RETURN_TYPE = YES_ERROR;
				GCC_WARN_UNDECLARED_SELECTOR = YES;
				GCC_WARN_UNINITIALIZED_AUTOS = YES_AGGRESSIVE;
				GCC_WARN_UNUSED_FUNCTION = YES;
				GCC_WARN_UNUSED_VARIABLE = YES;
				IPHONEOS_DEPLOYMENT_TARGET = 12.1;
				MTL_ENABLE_DEBUG_INFO = INCLUDE_SOURCE;
				MTL_FAST_MATH = YES;
				ONLY_ACTIVE_ARCH = YES;
				SDKROOT = iphoneos;
				SWIFT_ACTIVE_COMPILATION_CONDITIONS = DEBUG;
				SWIFT_OPTIMIZATION_LEVEL = "-Onone";
			};
			name = Debug;
		};
		1929FDEA21FD7FDC0037A82E /* Release */ = {
			isa = XCBuildConfiguration;
			buildSettings = {
				ALWAYS_SEARCH_USER_PATHS = NO;
				CLANG_ANALYZER_NONNULL = YES;
				CLANG_ANALYZER_NUMBER_OBJECT_CONVERSION = YES_AGGRESSIVE;
				CLANG_CXX_LANGUAGE_STANDARD = "gnu++14";
				CLANG_CXX_LIBRARY = "libc++";
				CLANG_ENABLE_MODULES = YES;
				CLANG_ENABLE_OBJC_ARC = YES;
				CLANG_ENABLE_OBJC_WEAK = YES;
				CLANG_WARN_BLOCK_CAPTURE_AUTORELEASING = YES;
				CLANG_WARN_BOOL_CONVERSION = YES;
				CLANG_WARN_COMMA = YES;
				CLANG_WARN_CONSTANT_CONVERSION = YES;
				CLANG_WARN_DEPRECATED_OBJC_IMPLEMENTATIONS = YES;
				CLANG_WARN_DIRECT_OBJC_ISA_USAGE = YES_ERROR;
				CLANG_WARN_DOCUMENTATION_COMMENTS = YES;
				CLANG_WARN_EMPTY_BODY = YES;
				CLANG_WARN_ENUM_CONVERSION = YES;
				CLANG_WARN_INFINITE_RECURSION = YES;
				CLANG_WARN_INT_CONVERSION = YES;
				CLANG_WARN_NON_LITERAL_NULL_CONVERSION = YES;
				CLANG_WARN_OBJC_IMPLICIT_RETAIN_SELF = YES;
				CLANG_WARN_OBJC_LITERAL_CONVERSION = YES;
				CLANG_WARN_OBJC_ROOT_CLASS = YES_ERROR;
				CLANG_WARN_RANGE_LOOP_ANALYSIS = YES;
				CLANG_WARN_STRICT_PROTOTYPES = YES;
				CLANG_WARN_SUSPICIOUS_MOVE = YES;
				CLANG_WARN_UNGUARDED_AVAILABILITY = YES_AGGRESSIVE;
				CLANG_WARN_UNREACHABLE_CODE = YES;
				CLANG_WARN__DUPLICATE_METHOD_MATCH = YES;
				CODE_SIGN_IDENTITY = "iPhone Developer";
				COPY_PHASE_STRIP = NO;
				DEBUG_INFORMATION_FORMAT = "dwarf-with-dsym";
				ENABLE_NS_ASSERTIONS = NO;
				ENABLE_STRICT_OBJC_MSGSEND = YES;
				GCC_C_LANGUAGE_STANDARD = gnu11;
				GCC_NO_COMMON_BLOCKS = YES;
				GCC_WARN_64_TO_32_BIT_CONVERSION = YES;
				GCC_WARN_ABOUT_RETURN_TYPE = YES_ERROR;
				GCC_WARN_UNDECLARED_SELECTOR = YES;
				GCC_WARN_UNINITIALIZED_AUTOS = YES_AGGRESSIVE;
				GCC_WARN_UNUSED_FUNCTION = YES;
				GCC_WARN_UNUSED_VARIABLE = YES;
				IPHONEOS_DEPLOYMENT_TARGET = 12.1;
				MTL_ENABLE_DEBUG_INFO = NO;
				MTL_FAST_MATH = YES;
				SDKROOT = iphoneos;
				SWIFT_COMPILATION_MODE = wholemodule;
				SWIFT_OPTIMIZATION_LEVEL = "-O";
				VALIDATE_PRODUCT = YES;
			};
			name = Release;
		};
		1929FDEC21FD7FDC0037A82E /* Debug */ = {
			isa = XCBuildConfiguration;
			buildSettings = {
				ASSETCATALOG_COMPILER_APPICON_NAME = AppIcon;
				CODE_SIGN_STYLE = Automatic;
				INFOPLIST_FILE = Artable/Info.plist;
				LD_RUNPATH_SEARCH_PATHS = (
					"$(inherited)",
					"@executable_path/Frameworks",
				);
				PRODUCT_BUNDLE_IDENTIFIER = com.RupinGupta.Artable;
				PRODUCT_NAME = "$(TARGET_NAME)";
				SWIFT_VERSION = 4.2;
				TARGETED_DEVICE_FAMILY = "1,2";
			};
			name = Debug;
		};
		1929FDED21FD7FDC0037A82E /* Release */ = {
			isa = XCBuildConfiguration;
			buildSettings = {
				ASSETCATALOG_COMPILER_APPICON_NAME = AppIcon;
				CODE_SIGN_STYLE = Automatic;
				INFOPLIST_FILE = Artable/Info.plist;
				LD_RUNPATH_SEARCH_PATHS = (
					"$(inherited)",
					"@executable_path/Frameworks",
				);
				PRODUCT_BUNDLE_IDENTIFIER = com.RupinGupta.Artable;
				PRODUCT_NAME = "$(TARGET_NAME)";
				SWIFT_VERSION = 4.2;
				TARGETED_DEVICE_FAMILY = "1,2";
			};
			name = Release;
		};
		1929FE0221FD80210037A82E /* Debug */ = {
			isa = XCBuildConfiguration;
			buildSettings = {
				ASSETCATALOG_COMPILER_APPICON_NAME = AppIcon;
				CODE_SIGN_STYLE = Automatic;
				INFOPLIST_FILE = ArtableAdmin/Info.plist;
				LD_RUNPATH_SEARCH_PATHS = (
					"$(inherited)",
					"@executable_path/Frameworks",
				);
				PRODUCT_BUNDLE_IDENTIFIER = com.RupinGupta.ArtableAdmin;
				PRODUCT_NAME = "$(TARGET_NAME)";
				SWIFT_VERSION = 4.2;
				TARGETED_DEVICE_FAMILY = "1,2";
			};
			name = Debug;
		};
		1929FE0321FD80210037A82E /* Release */ = {
			isa = XCBuildConfiguration;
			buildSettings = {
				ASSETCATALOG_COMPILER_APPICON_NAME = AppIcon;
				CODE_SIGN_STYLE = Automatic;
				INFOPLIST_FILE = ArtableAdmin/Info.plist;
				LD_RUNPATH_SEARCH_PATHS = (
					"$(inherited)",
					"@executable_path/Frameworks",
				);
				PRODUCT_BUNDLE_IDENTIFIER = com.RupinGupta.ArtableAdmin;
				PRODUCT_NAME = "$(TARGET_NAME)";
				SWIFT_VERSION = 4.2;
				TARGETED_DEVICE_FAMILY = "1,2";
			};
			name = Release;
		};
/* End XCBuildConfiguration section */

/* Begin XCConfigurationList section */
		1929FDD421FD7FDA0037A82E /* Build configuration list for PBXProject "Artable" */ = {
			isa = XCConfigurationList;
			buildConfigurations = (
				1929FDE921FD7FDC0037A82E /* Debug */,
				1929FDEA21FD7FDC0037A82E /* Release */,
			);
			defaultConfigurationIsVisible = 0;
			defaultConfigurationName = Release;
		};
		1929FDEB21FD7FDC0037A82E /* Build configuration list for PBXNativeTarget "Artable" */ = {
			isa = XCConfigurationList;
			buildConfigurations = (
				1929FDEC21FD7FDC0037A82E /* Debug */,
				1929FDED21FD7FDC0037A82E /* Release */,
			);
			defaultConfigurationIsVisible = 0;
			defaultConfigurationName = Release;
		};
		1929FE0121FD80210037A82E /* Build configuration list for PBXNativeTarget "ArtableAdmin" */ = {
			isa = XCConfigurationList;
			buildConfigurations = (
				1929FE0221FD80210037A82E /* Debug */,
				1929FE0321FD80210037A82E /* Release */,
			);
			defaultConfigurationIsVisible = 0;
			defaultConfigurationName = Release;
		};
/* End XCConfigurationList section */
	};
	rootObject = 1929FDD121FD7FDA0037A82E /* Project object */;
}
